
Microsoft Visual Studio Solution File, Format Version 12.00
# Visual Studio 15
VisualStudioVersion = 15.0.28307.705
MinimumVisualStudioVersion = 10.0.40219.1
Project("{FAE04EC0-301F-11D3-BF4B-00C04F79EFBC}") = "OutlookPhishDetect", "OutlookPhishDetect\OutlookPhishDetect.csproj", "{EAF8CFA4-3795-47F4-A522-876B307B77F0}"
EndProject
Global
	GlobalSection(SolutionConfigurationPlatforms) = preSolution
		Debug|Any CPU = Debug|Any CPU
		Release|Any CPU = Release|Any CPU
	EndGlobalSection
	GlobalSection(ProjectConfigurationPlatforms) = postSolution
		{EAF8CFA4-3795-47F4-A522-876B307B77F0}.Debug|Any CPU.ActiveCfg = Debug|Any CPU
		{EAF8CFA4-3795-47F4-A522-876B307B77F0}.Debug|Any CPU.Build.0 = Debug|Any CPU
		{EAF8CFA4-3795-47F4-A522-876B307B77F0}.Release|Any CPU.ActiveCfg = Release|Any CPU
		{EAF8CFA4-3795-47F4-A522-876B307B77F0}.Release|Any CPU.Build.0 = Release|Any CPU
	EndGlobalSection
	GlobalSection(SolutionProperties) = preSolution
		HideSolutionNode = FALSE
	EndGlobalSection
	GlobalSection(ExtensibilityGlobals) = postSolution
		SolutionGuid = {85E5A8AC-26AE-44C5-BF7C-11134CCF31DA}
	EndGlobalSection
EndGlobal
